
Microsoft Visual Studio Solution File, Format Version 12.00
# Visual Studio Version 16
VisualStudioVersion = 16.0.30907.101
MinimumVisualStudioVersion = 10.0.40219.1
Project("{FAE04EC0-301F-11D3-BF4B-00C04F79EFBC}") = "AndrewJohnRogers.com", "AndrewJohnRogers.com\AndrewJohnRogers.com.csproj", "{7609B4B5-42B6-4346-8781-9A20019D0234}"
EndProject
Global
	GlobalSection(SolutionConfigurationPlatforms) = preSolution
		Debug|Any CPU = Debug|Any CPU
		Release|Any CPU = Release|Any CPU
	EndGlobalSection
	GlobalSection(ProjectConfigurationPlatforms) = postSolution
		{7609B4B5-42B6-4346-8781-9A20019D0234}.Debug|Any CPU.ActiveCfg = Debug|Any CPU
		{7609B4B5-42B6-4346-8781-9A20019D0234}.Debug|Any CPU.Build.0 = Debug|Any CPU
		{7609B4B5-42B6-4346-8781-9A20019D0234}.Release|Any CPU.ActiveCfg = Release|Any CPU
		{7609B4B5-42B6-4346-8781-9A20019D0234}.Release|Any CPU.Build.0 = Release|Any CPU
	EndGlobalSection
	GlobalSection(SolutionProperties) = preSolution
		HideSolutionNode = FALSE
	EndGlobalSection
	GlobalSection(ExtensibilityGlobals) = postSolution
		SolutionGuid = {B3ECE011-39D0-4E5E-B44B-E5AD1590FA2D}
	EndGlobalSection
EndGlobal
